4.1// !$*UTF8*$!
{
	archiveVersion = 1;
	classes = {
	};
	objectVersion = 77;
	objects = {

/* Begin PBXBuildFile section */
		013CBB0BB949B0F2031AE7EF /* TViewApp.swift in Sources */ = {isa = PBXBuildFile; fileRef = 12134286629D53F90B2CD4C9 /* TViewApp.swift */; };
		30D78A937854669D3001C537 /* MainView.swift in Sources */ = {isa = PBXBuildFile; fileRef = 9EBA1035AE512FAE988ACE76 /* MainView.swift */; };
		34753C7058FD7871531DBDBD /* TViewModel.swift in Sources */ = {isa = PBXBuildFile; fileRef = D3C69FFCDA876F938C730DEF /* TViewModel.swift */; };
		6A00F7F5CE49B2C72AE469D1 /* ContentView.swift in Sources */ = {isa = PBXBuildFile; fileRef = BDDE274FC7A6C5DCA2FA8BDB /* ContentView.swift */; };
		BC8883CD7319CB3DAD8D956B /* SettingsView.swift in Sources */ = {isa = PBXBuildFile; fileRef = C2580E2EBDF96AB902C85F9D /* SettingsView.swift */; };
/* End PBXBuildFile section */

/* Begin PBXFileReference section */
		12134286629D53F90B2CD4C9 /* TViewApp.swift */ = {isa = PBXFileReference; lastKnownFileType = sourcecode.swift; path = TViewApp.swift; sourceTree = "<group>"; };
		529BDCB38BB09357A27C0FEF /* TView.app */ = {isa = PBXFileReference; includeInIndex = 0; lastKnownFileType = wrapper.application; path = TView.app; sourceTree = BUILT_PRODUCTS_DIR; };
		938C930B2A7158281BE7865C /* TView.entitlements */ = {isa = PBXFileReference; lastKnownFileType = text.plist.entitlements; path = TView.entitlements; sourceTree = "<group>"; };
		9EBA1035AE512FAE988ACE76 /* MainView.swift */ = {isa = PBXFileReference; lastKnownFileType = sourcecode.swift; path = MainView.swift; sourceTree = "<group>"; };
		BDDE274FC7A6C5DCA2FA8BDB /* ContentView.swift */ = {isa = PBXFileReference; lastKnownFileType = sourcecode.swift; path = ContentView.swift; sourceTree = "<group>"; };
		C2580E2EBDF96AB902C85F9D /* SettingsView.swift */ = {isa = PBXFileReference; lastKnownFileType = sourcecode.swift; path = SettingsView.swift; sourceTree = "<group>"; };
		D3C69FFCDA876F938C730DEF /* TViewModel.swift */ = {isa = PBXFileReference; lastKnownFileType = sourcecode.swift; path = TViewModel.swift; sourceTree = "<group>"; };
/* End PBXFileReference section */

/* Begin PBXGroup section */
		0AFDFB25170C029358AF6DB8 /* Views */ = {
			isa = PBXGroup;
			children = (
				BDDE274FC7A6C5DCA2FA8BDB /* ContentView.swift */,
				9EBA1035AE512FAE988ACE76 /* MainView.swift */,
				C2580E2EBDF96AB902C85F9D /* SettingsView.swift */,
			);
			path = Views;
			sourceTree = "<group>";
		};
		292E2B09556DAB198CB7DAE2 /* Resources */ = {
			isa = PBXGroup;
			children = (
			);
			path = Resources;
			sourceTree = "<group>";
		};
		36EA96F281165E786E66DDF2 /* Models */ = {
			isa = PBXGroup;
			children = (
				D3C69FFCDA876F938C730DEF /* TViewModel.swift */,
			);
			path = Models;
			sourceTree = "<group>";
		};
		883D2ABA8BE019A533DB13E5 /* Services */ = {
			isa = PBXGroup;
			children = (
			);
			path = Services;
			sourceTree = "<group>";
		};
		93F817D59195794608199F28 = {
			isa = PBXGroup;
			children = (
				F73E2E554FAC633C1E5CAAD2 /* TView */,
				F1C6DF33C61CDDD1EDE5E015 /* Products */,
			);
			sourceTree = "<group>";
		};
		F1C6DF33C61CDDD1EDE5E015 /* Products */ = {
			isa = PBXGroup;
			children = (
				529BDCB38BB09357A27C0FEF /* TView.app */,
			);
			name = Products;
			sourceTree = "<group>";
		};
		F73E2E554FAC633C1E5CAAD2 /* TView */ = {
			isa = PBXGroup;
			children = (
				938C930B2A7158281BE7865C /* TView.entitlements */,
				12134286629D53F90B2CD4C9 /* TViewApp.swift */,
				36EA96F281165E786E66DDF2 /* Models */,
				292E2B09556DAB198CB7DAE2 /* Resources */,
				883D2ABA8BE019A533DB13E5 /* Services */,
				0AFDFB25170C029358AF6DB8 /* Views */,
			);
			path = TView;
			sourceTree = "<group>";
		};
/* End PBXGroup section */

/* Begin PBXNativeTarget section */
		378DD2EED1A0A50D58393956 /* TView */ = {
			isa = PBXNativeTarget;
			buildConfigurationList = 3306791ADD2A754C11709F2D /* Build configuration list for PBXNativeTarget "TView" */;
			buildPhases = (
				84EEE36380D230B024AC9674 /* Sources */,
			);
			buildRules = (
			);
			dependencies = (
			);
			name = TView;
			packageProductDependencies = (
			);
			productName = TView;
			productReference = 529BDCB38BB09357A27C0FEF /* TView.app */;
			productType = "com.apple.product-type.application";
		};
/* End PBXNativeTarget section */

/* Begin PBXProject section */
		FA499F72256878C83E269273 /* Project object */ = {
			isa = PBXProject;
			attributes = {
				BuildIndependentTargetsInParallel = YES;
				LastUpgradeCheck = 1700;
				TargetAttributes = {
				};
			};
			buildConfigurationList = D0922C4BC4A67A34BC7B6C7E /* Build configuration list for PBXProject "TView" */;
			developmentRegion = en;
			hasScannedForEncodings = 0;
			knownRegions = (
				Base,
				en,
			);
			mainGroup = 93F817D59195794608199F28;
			minimizedProjectReferenceProxies = 1;
			preferredProjectObjectVersion = 77;
			productRefGroup = F1C6DF33C61CDDD1EDE5E015 /* Products */;
			projectDirPath = "";
			projectRoot = "";
			targets = (
				378DD2EED1A0A50D58393956 /* TView */,
			);
		};
/* End PBXProject section */

/* Begin PBXSourcesBuildPhase section */
		84EEE36380D230B024AC9674 /* Sources */ = {
			isa = PBXSourcesBuildPhase;
			buildActionMask = 2147483647;
			files = (
				6A00F7F5CE49B2C72AE469D1 /* ContentView.swift in Sources */,
				30D78A937854669D3001C537 /* MainView.swift in Sources */,
				BC8883CD7319CB3DAD8D956B /* SettingsView.swift in Sources */,
				013CBB0BB949B0F2031AE7EF /* TViewApp.swift in Sources */,
				34753C7058FD7871531DBDBD /* TViewModel.swift in Sources */,
			);
			runOnlyForDeploymentPostprocessing = 0;
		};
/* End PBXSourcesBuildPhase section */

/* Begin XCBuildConfiguration section */
		0EBD13E10641E76319E51076 /* Debug */ = {
			isa = XCBuildConfiguration;
			buildSettings = {
				ASSETCATALOG_COMPILER_APPICON_NAME = AppIcon;
				CODE_SIGNING_ALLOWED = NO;
				CODE_SIGNING_REQUIRED = NO;
				CODE_SIGN_ENTITLEMENTS = TView/TView.entitlements;
				CODE_SIGN_IDENTITY = "";
				CURRENT_PROJECT_VERSION = 1;
				INFOPLIST_KEY_CFBundleDisplayName = TView;
				INFOPLIST_KEY_NSBonjourServices = _http._tcp;
				INFOPLIST_KEY_NSLocalNetworkUsageDescription = "iPhone과 Tesla 간 로컬 네트워크 통신을 위해 필요합니다.";
				INFOPLIST_KEY_NSLocationWhenInUseUsageDescription = "세이프 드라이빙 가드 기능을 위해 위치 정보가 필요합니다.";
				LD_RUNPATH_SEARCH_PATHS = (
					"$(inherited)",
					"@executable_path/Frameworks",
				);
				MARKETING_VERSION = 1.0.0;
				PRODUCT_BUNDLE_IDENTIFIER = com.tview.app;
				SDKROOT = iphoneos;
				TARGETED_DEVICE_FAMILY = "1,2";
			};
			name = Debug;
		};
		2CBC6820DA048F1480832E09 /* Debug */ = {
			isa = XCBuildConfiguration;
			buildSettings = {
				ALWAYS_SEARCH_USER_PATHS = NO;
				CLANG_ANALYZER_NONNULL = YES;
				CLANG_ANALYZER_NUMBER_OBJECT_CONVERSION = YES_AGGRESSIVE;
				CLANG_CXX_LANGUAGE_STANDARD = "gnu++14";
				CLANG_CXX_LIBRARY = "libc++";
				CLANG_ENABLE_MODULES = YES;
				CLANG_ENABLE_OBJC_ARC = YES;
				CLANG_ENABLE_OBJC_WEAK = YES;
				CLANG_WARN_BLOCK_CAPTURE_AUTORELEASING = YES;
				CLANG_WARN_BOOL_CONVERSION = YES;
				CLANG_WARN_COMMA = YES;
				CLANG_WARN_CONSTANT_CONVERSION = YES;
				CLANG_WARN_DEPRECATED_OBJC_IMPLEMENTATIONS = YES;
				CLANG_WARN_DIRECT_OBJC_ISA_USAGE = YES_ERROR;
				CLANG_WARN_DOCUMENTATION_COMMENTS = YES;
				CLANG_WARN_EMPTY_BODY = YES;
				CLANG_WARN_ENUM_CONVERSION = YES;
				CLANG_WARN_INFINITE_RECURSION = YES;
				CLANG_WARN_INT_CONVERSION = YES;
				CLANG_WARN_NON_LITERAL_NULL_CONVERSION = YES;
				CLANG_WARN_OBJC_IMPLICIT_RETAIN_SELF = YES;
				CLANG_WARN_OBJC_LITERAL_CONVERSION = YES;
				CLANG_WARN_OBJC_ROOT_CLASS = YES_ERROR;
				CLANG_WARN_QUOTED_INCLUDE_IN_FRAMEWORK_HEADER = YES;
				CLANG_WARN_RANGE_LOOP_ANALYSIS = YES;
				CLANG_WARN_STRICT_PROTOTYPES = YES;
				CLANG_WARN_SUSPICIOUS_MOVE = YES;
				CLANG_WARN_UNGUARDED_AVAILABILITY = YES_AGGRESSIVE;
				CLANG_WARN_UNREACHABLE_CODE = YES;
				CLANG_WARN__DUPLICATE_METHOD_MATCH = YES;
				COPY_PHASE_STRIP = NO;
				DEBUG_INFORMATION_FORMAT = dwarf;
				ENABLE_STRICT_OBJC_MSGSEND = YES;
				ENABLE_TESTABILITY = YES;
				GCC_C_LANGUAGE_STANDARD = gnu11;
				GCC_DYNAMIC_NO_PIC = NO;
				GCC_NO_COMMON_BLOCKS = YES;
				GCC_OPTIMIZATION_LEVEL = 0;
				GCC_PREPROCESSOR_DEFINITIONS = (
					"$(inherited)",
					"DEBUG=1",
				);
				GCC_WARN_64_TO_32_BIT_CONVERSION = YES;
				GCC_WARN_ABOUT_RETURN_TYPE = YES_ERROR;
				GCC_WARN_UNDECLARED_SELECTOR = YES;
				GCC_WARN_UNINITIALIZED_AUTOS = YES_AGGRESSIVE;
				GCC_WARN_UNUSED_FUNCTION = YES;
				GCC_WARN_UNUSED_VARIABLE = YES;
				INFOPLIST_KEY_UIApplicationSceneManifest_Generation = YES;
				INFOPLIST_KEY_UILaunchScreen_Generation = YES;
				IPHONEOS_DEPLOYMENT_TARGET = 16.0;
				MTL_ENABLE_DEBUG_INFO = INCLUDE_SOURCE;
				MTL_FAST_MATH = YES;
				ONLY_ACTIVE_ARCH = YES;
				PRODUCT_NAME = "$(TARGET_NAME)";
				SDKROOT = iphoneos;
				SWIFT_ACTIVE_COMPILATION_CONDITIONS = DEBUG;
				SWIFT_OPTIMIZATION_LEVEL = "-Onone";
				SWIFT_VERSION = 5.9;
				TARGETED_DEVICE_FAMILY = "1,2";
			};
			name = Debug;
		};
		4FF011DB75CF6CABBF1FB3E9 /* Release */ = {
			isa = XCBuildConfiguration;
			buildSettings = {
				ASSETCATALOG_COMPILER_APPICON_NAME = AppIcon;
				CODE_SIGNING_ALLOWED = NO;
				CODE_SIGNING_REQUIRED = NO;
				CODE_SIGN_ENTITLEMENTS = TView/TView.entitlements;
				CODE_SIGN_IDENTITY = "";
				CURRENT_PROJECT_VERSION = 1;
				INFOPLIST_KEY_CFBundleDisplayName = TView;
				INFOPLIST_KEY_NSBonjourServices = _http._tcp;
				INFOPLIST_KEY_NSLocalNetworkUsageDescription = "iPhone과 Tesla 간 로컬 네트워크 통신을 위해 필요합니다.";
				INFOPLIST_KEY_NSLocationWhenInUseUsageDescription = "세이프 드라이빙 가드 기능을 위해 위치 정보가 필요합니다.";
				LD_RUNPATH_SEARCH_PATHS = (
					"$(inherited)",
					"@executable_path/Frameworks",
				);
				MARKETING_VERSION = 1.0.0;
				PRODUCT_BUNDLE_IDENTIFIER = com.tview.app;
				SDKROOT = iphoneos;
				TARGETED_DEVICE_FAMILY = "1,2";
			};
			name = Release;
		};
		A896B9AF92837738CBF625FF /* Release */ = {
			isa = XCBuildConfiguration;
			buildSettings = {
				ALWAYS_SEARCH_USER_PATHS = NO;
				CLANG_ANALYZER_NONNULL = YES;
				CLANG_ANALYZER_NUMBER_OBJECT_CONVERSION = YES_AGGRESSIVE;
				CLANG_CXX_LANGUAGE_STANDARD = "gnu++14";
				CLANG_CXX_LIBRARY = "libc++";
				CLANG_ENABLE_MODULES = YES;
				CLANG_ENABLE_OBJC_ARC = YES;
				CLANG_ENABLE_OBJC_WEAK = YES;
				CLANG_WARN_BLOCK_CAPTURE_AUTORELEASING = YES;
				CLANG_WARN_BOOL_CONVERSION = YES;
				CLANG_WARN_COMMA = YES;
				CLANG_WARN_CONSTANT_CONVERSION = YES;
				CLANG_WARN_DEPRECATED_OBJC_IMPLEMENTATIONS = YES;
				CLANG_WARN_DIRECT_OBJC_ISA_USAGE = YES_ERROR;
				CLANG_WARN_DOCUMENTATION_COMMENTS = YES;
				CLANG_WARN_EMPTY_BODY = YES;
				CLANG_WARN_ENUM_CONVERSION = YES;
				CLANG_WARN_INFINITE_RECURSION = YES;
				CLANG_WARN_INT_CONVERSION = YES;
				CLANG_WARN_NON_LITERAL_NULL_CONVERSION = YES;
				CLANG_WARN_OBJC_IMPLICIT_RETAIN_SELF = YES;
				CLANG_WARN_OBJC_LITERAL_CONVERSION = YES;
				CLANG_WARN_OBJC_ROOT_CLASS = YES_ERROR;
				CLANG_WARN_QUOTED_INCLUDE_IN_FRAMEWORK_HEADER = YES;
				CLANG_WARN_RANGE_LOOP_ANALYSIS = YES;
				CLANG_WARN_STRICT_PROTOTYPES = YES;
				CLANG_WARN_SUSPICIOUS_MOVE = YES;
				CLANG_WARN_UNGUARDED_AVAILABILITY = YES_AGGRESSIVE;
				CLANG_WARN_UNREACHABLE_CODE = YES;
				CLANG_WARN__DUPLICATE_METHOD_MATCH = YES;
				COPY_PHASE_STRIP = NO;
				DEBUG_INFORMATION_FORMAT = "dwarf-with-dsym";
				ENABLE_NS_ASSERTIONS = NO;
				ENABLE_STRICT_OBJC_MSGSEND = YES;
				GCC_C_LANGUAGE_STANDARD = gnu11;
				GCC_NO_COMMON_BLOCKS = YES;
				GCC_WARN_64_TO_32_BIT_CONVERSION = YES;
				GCC_WARN_ABOUT_RETURN_TYPE = YES_ERROR;
				GCC_WARN_UNDECLARED_SELECTOR = YES;
				GCC_WARN_UNINITIALIZED_AUTOS = YES_AGGRESSIVE;
				GCC_WARN_UNUSED_FUNCTION = YES;
				GCC_WARN_UNUSED_VARIABLE = YES;
				INFOPLIST_KEY_UIApplicationSceneManifest_Generation = YES;
				INFOPLIST_KEY_UILaunchScreen_Generation = YES;
				IPHONEOS_DEPLOYMENT_TARGET = 16.0;
				MTL_ENABLE_DEBUG_INFO = NO;
				MTL_FAST_MATH = YES;
				PRODUCT_NAME = "$(TARGET_NAME)";
				SDKROOT = iphoneos;
				SWIFT_COMPILATION_MODE = wholemodule;
				SWIFT_OPTIMIZATION_LEVEL = "-O";
				SWIFT_VERSION = 5.9;
				TARGETED_DEVICE_FAMILY = "1,2";
			};
			name = Release;
		};
/* End XCBuildConfiguration section */

/* Begin XCConfigurationList section */
		3306791ADD2A754C11709F2D /* Build configuration list for PBXNativeTarget "TView" */ = {
			isa = XCConfigurationList;
			buildConfigurations = (
				0EBD13E10641E76319E51076 /* Debug */,
				4FF011DB75CF6CABBF1FB3E9 /* Release */,
			);
			defaultConfigurationIsVisible = 0;
			defaultConfigurationName = Debug;
		};
		D0922C4BC4A67A34BC7B6C7E /* Build configuration list for PBXProject "TView" */ = {
			isa = XCConfigurationList;
			buildConfigurations = (
				2CBC6820DA048F1480832E09 /* Debug */,
				A896B9AF92837738CBF625FF /* Release */,
			);
			defaultConfigurationIsVisible = 0;
			defaultConfigurationName = Debug;
		};
/* End XCConfigurationList section */
	};
	rootObject = FA499F72256878C83E269273 /* Project object */;
}
